// !$*UTF8*$!
{
	archiveVersion = 1;
	classes = {
	};
	objectVersion = 46;
	objects = {

/* Begin PBXBuildFile section */
		85323223181892930006692B /* Foundation.framework in Frameworks */ = {isa = PBXBuildFile; fileRef = 85323222181892930006692B /* Foundation.framework */; };
		85323225181892930006692B /* CoreGraphics.framework in Frameworks */ = {isa = PBXBuildFile; fileRef = 85323224181892930006692B /* CoreGraphics.framework */; };
		85323227181892930006692B /* UIKit.framework in Frameworks */ = {isa = PBXBuildFile; fileRef = 85323226181892930006692B /* UIKit.framework */; };
		85323229181892930006692B /* CoreData.framework in Frameworks */ = {isa = PBXBuildFile; fileRef = 85323228181892930006692B /* CoreData.framework */; };
		8532322F181892930006692B /* InfoPlist.strings in Resources */ = {isa = PBXBuildFile; fileRef = 8532322D181892930006692B /* InfoPlist.strings */; };
		85323231181892930006692B /* main.m in Sources */ = {isa = PBXBuildFile; fileRef = 85323230181892930006692B /* main.m */; };
		85323235181892930006692B /* TTAppDelegate.m in Sources */ = {isa = PBXBuildFile; fileRef = 85323234181892930006692B /* TTAppDelegate.m */; };
		85323238181892930006692B /* CoreDataPlugin.xcdatamodeld in Sources */ = {isa = PBXBuildFile; fileRef = 85323236181892930006692B /* CoreDataPlugin.xcdatamodeld */; };
		8532323A181892930006692B /* Images.xcassets in Resources */ = {isa = PBXBuildFile; fileRef = 85323239181892930006692B /* Images.xcassets */; };
		85323241181892930006692B /* XCTest.framework in Frameworks */ = {isa = PBXBuildFile; fileRef = 85323240181892930006692B /* XCTest.framework */; };
		85323242181892930006692B /* Foundation.framework in Frameworks */ = {isa = PBXBuildFile; fileRef = 85323222181892930006692B /* Foundation.framework */; };
		85323243181892930006692B /* UIKit.framework in Frameworks */ = {isa = PBXBuildFile; fileRef = 85323226181892930006692B /* UIKit.framework */; };
		85323244181892930006692B /* CoreData.framework in Frameworks */ = {isa = PBXBuildFile; fileRef = 85323228181892930006692B /* CoreData.framework */; };
		8532324C181892930006692B /* InfoPlist.strings in Resources */ = {isa = PBXBuildFile; fileRef = 8532324A181892930006692B /* InfoPlist.strings */; };
		8532324E181892930006692B /* CoreDataPluginTests.m in Sources */ = {isa = PBXBuildFile; fileRef = 8532324D181892930006692B /* CoreDataPluginTests.m */; };
/* End PBXBuildFile section */

/* Begin PBXContainerItemProxy section */
		85323245181892930006692B /* PBXContainerItemProxy */ = {
			isa = PBXContainerItemProxy;
			containerPortal = 85323217181892930006692B /* Project object */;
			proxyType = 1;
			remoteGlobalIDString = 8532321E181892930006692B;
			remoteInfo = CoreDataPlugin;
		};
/* End PBXContainerItemProxy section */

/* Begin PBXFileReference section */
		8532321F181892930006692B /* CoreDataPlugin.app */ = {isa = PBXFileReference; explicitFileType = wrapper.application; includeInIndex = 0; path = CoreDataPlugin.app; sourceTree = BUILT_PRODUCTS_DIR; };
		85323222181892930006692B /* Foundation.framework */ = {isa = PBXFileReference; lastKnownFileType = wrapper.framework; name = Foundation.framework; path = System/Library/Frameworks/Foundation.framework; sourceTree = SDKROOT; };
		85323224181892930006692B /* CoreGraphics.framework */ = {isa = PBXFileReference; lastKnownFileType = wrapper.framework; name = CoreGraphics.framework; path = System/Library/Frameworks/CoreGraphics.framework; sourceTree = SDKROOT; };
		85323226181892930006692B /* UIKit.framework */ = {isa = PBXFileReference; lastKnownFileType = wrapper.framework; name = UIKit.framework; path = System/Library/Frameworks/UIKit.framework; sourceTree = SDKROOT; };
		85323228181892930006692B /* CoreData.framework */ = {isa = PBXFileReference; lastKnownFileType = wrapper.framework; name = CoreData.framework; path = System/Library/Frameworks/CoreData.framework; sourceTree = SDKROOT; };
		8532322C181892930006692B /* CoreDataPlugin-Info.plist */ = {isa = PBXFileReference; lastKnownFileType = text.plist.xml; path = "CoreDataPlugin-Info.plist"; sourceTree = "<group>"; };
		8532322E181892930006692B /* en */ = {isa = PBXFileReference; lastKnownFileType = text.plist.strings; name = en; path = en.lproj/InfoPlist.strings; sourceTree = "<group>"; };
		85323230181892930006692B /* main.m */ = {isa = PBXFileReference; lastKnownFileType = sourcecode.c.objc; path = main.m; sourceTree = "<group>"; };
		85323232181892930006692B /* CoreDataPlugin-Prefix.pch */ = {isa = PBXFileReference; lastKnownFileType = sourcecode.c.h; path = "CoreDataPlugin-Prefix.pch"; sourceTree = "<group>"; };
		85323233181892930006692B /* TTAppDelegate.h */ = {isa = PBXFileReference; lastKnownFileType = sourcecode.c.h; path = TTAppDelegate.h; sourceTree = "<group>"; };
		85323234181892930006692B /* TTAppDelegate.m */ = {isa = PBXFileReference; lastKnownFileType = sourcecode.c.objc; path = TTAppDelegate.m; sourceTree = "<group>"; };
		85323237181892930006692B /* CoreDataPlugin.xcdatamodel */ = {isa = PBXFileReference; lastKnownFileType = wrapper.xcdatamodel; path = CoreDataPlugin.xcdatamodel; sourceTree = "<group>"; };
		85323239181892930006692B /* Images.xcassets */ = {isa = PBXFileReference; lastKnownFileType = folder.assetcatalog; path = Images.xcassets; sourceTree = "<group>"; };
		8532323F181892930006692B /* CoreDataPluginTests.xctest */ = {isa = PBXFileReference; explicitFileType = wrapper.cfbundle; includeInIndex = 0; path = CoreDataPluginTests.xctest; sourceTree = BUILT_PRODUCTS_DIR; };
		85323240181892930006692B /* XCTest.framework */ = {isa = PBXFileReference; lastKnownFileType = wrapper.framework; name = XCTest.framework; path = Library/Frameworks/XCTest.framework; sourceTree = DEVELOPER_DIR; };
		85323249181892930006692B /* CoreDataPluginTests-Info.plist */ = {isa = PBXFileReference; lastKnownFileType = text.plist.xml; path = "CoreDataPluginTests-Info.plist"; sourceTree = "<group>"; };
		8532324B181892930006692B /* en */ = {isa = PBXFileReference; lastKnownFileType = text.plist.strings; name = en; path = en.lproj/InfoPlist.strings; sourceTree = "<group>"; };
		8532324D181892930006692B /* CoreDataPluginTests.m */ = {isa = PBXFileReference; lastKnownFileType = sourcecode.c.objc; path = CoreDataPluginTests.m; sourceTree = "<group>"; };
/* End PBXFileReference section */

/* Begin PBXFrameworksBuildPhase section */
		8532321C181892930006692B /* Frameworks */ = {
			isa = PBXFrameworksBuildPhase;
			buildActionMask = 2147483647;
			files = (
				85323225181892930006692B /* CoreGraphics.framework in Frameworks */,
				85323229181892930006692B /* CoreData.framework in Frameworks */,
				85323227181892930006692B /* UIKit.framework in Frameworks */,
				85323223181892930006692B /* Foundation.framework in Frameworks */,
			);
			runOnlyForDeploymentPostprocessing = 0;
		};
		8532323C181892930006692B /* Frameworks */ = {
			isa = PBXFrameworksBuildPhase;
			buildActionMask = 2147483647;
			files = (
				85323241181892930006692B /* XCTest.framework in Frameworks */,
				85323244181892930006692B /* CoreData.framework in Frameworks */,
				85323243181892930006692B /* UIKit.framework in Frameworks */,
				85323242181892930006692B /* Foundation.framework in Frameworks */,
			);
			runOnlyForDeploymentPostprocessing = 0;
		};
/* End PBXFrameworksBuildPhase section */

/* Begin PBXGroup section */
		85323216181892930006692B = {
			isa = PBXGroup;
			children = (
				8532322A181892930006692B /* CoreDataPlugin */,
				85323247181892930006692B /* CoreDataPluginTests */,
				85323221181892930006692B /* Frameworks */,
				85323220181892930006692B /* Products */,
			);
			sourceTree = "<group>";
		};
		85323220181892930006692B /* Products */ = {
			isa = PBXGroup;
			children = (
				8532321F181892930006692B /* CoreDataPlugin.app */,
				8532323F181892930006692B /* CoreDataPluginTests.xctest */,
			);
			name = Products;
			sourceTree = "<group>";
		};
		85323221181892930006692B /* Frameworks */ = {
			isa = PBXGroup;
			children = (
				85323222181892930006692B /* Foundation.framework */,
				85323224181892930006692B /* CoreGraphics.framework */,
				85323226181892930006692B /* UIKit.framework */,
				85323228181892930006692B /* CoreData.framework */,
				85323240181892930006692B /* XCTest.framework */,
			);
			name = Frameworks;
			sourceTree = "<group>";
		};
		8532322A181892930006692B /* CoreDataPlugin */ = {
			isa = PBXGroup;
			children = (
				85323233181892930006692B /* TTAppDelegate.h */,
				85323234181892930006692B /* TTAppDelegate.m */,
				85323239181892930006692B /* Images.xcassets */,
				85323236181892930006692B /* CoreDataPlugin.xcdatamodeld */,
				8532322B181892930006692B /* Supporting Files */,
			);
			path = CoreDataPlugin;
			sourceTree = "<group>";
		};
		8532322B181892930006692B /* Supporting Files */ = {
			isa = PBXGroup;
			children = (
				8532322C181892930006692B /* CoreDataPlugin-Info.plist */,
				8532322D181892930006692B /* InfoPlist.strings */,
				85323230181892930006692B /* main.m */,
				85323232181892930006692B /* CoreDataPlugin-Prefix.pch */,
			);
			name = "Supporting Files";
			sourceTree = "<group>";
		};
		85323247181892930006692B /* CoreDataPluginTests */ = {
			isa = PBXGroup;
			children = (
				8532324D181892930006692B /* CoreDataPluginTests.m */,
				85323248181892930006692B /* Supporting Files */,
			);
			path = CoreDataPluginTests;
			sourceTree = "<group>";
		};
		85323248181892930006692B /* Supporting Files */ = {
			isa = PBXGroup;
			children = (
				85323249181892930006692B /* CoreDataPluginTests-Info.plist */,
				8532324A181892930006692B /* InfoPlist.strings */,
			);
			name = "Supporting Files";
			sourceTree = "<group>";
		};
/* End PBXGroup section */

/* Begin PBXNativeTarget section */
		8532321E181892930006692B /* CoreDataPlugin */ = {
			isa = PBXNativeTarget;
			buildConfigurationList = 85323251181892930006692B /* Build configuration list for PBXNativeTarget "CoreDataPlugin" */;
			buildPhases = (
				8532321B181892930006692B /* Sources */,
				8532321C181892930006692B /* Frameworks */,
				8532321D181892930006692B /* Resources */,
			);
			buildRules = (
			);
			dependencies = (
			);
			name = CoreDataPlugin;
			productName = CoreDataPlugin;
			productReference = 8532321F181892930006692B /* CoreDataPlugin.app */;
			productType = "com.apple.product-type.application";
		};
		8532323E181892930006692B /* CoreDataPluginTests */ = {
			isa = PBXNativeTarget;
			buildConfigurationList = 85323254181892930006692B /* Build configuration list for PBXNativeTarget "CoreDataPluginTests" */;
			buildPhases = (
				8532323B181892930006692B /* Sources */,
				8532323C181892930006692B /* Frameworks */,
				8532323D181892930006692B /* Resources */,
			);
			buildRules = (
			);
			dependencies = (
				85323246181892930006692B /* PBXTargetDependency */,
			);
			name = CoreDataPluginTests;
			productName = CoreDataPluginTests;
			productReference = 8532323F181892930006692B /* CoreDataPluginTests.xctest */;
			productType = "com.apple.product-type.bundle.unit-test";
		};
/* End PBXNativeTarget section */

/* Begin PBXProject section */
		85323217181892930006692B /* Project object */ = {
			isa = PBXProject;
			attributes = {
				CLASSPREFIX = TT;
				LastUpgradeCheck = 0500;
				ORGANIZATIONNAME = devcycle;
				TargetAttributes = {
					8532323E181892930006692B = {
						TestTargetID = 8532321E181892930006692B;
					};
				};
			};
			buildConfigurationList = 8532321A181892930006692B /* Build configuration list for PBXProject "CoreDataPlugin" */;
			compatibilityVersion = "Xcode 3.2";
			developmentRegion = English;
			hasScannedForEncodings = 0;
			knownRegions = (
				en,
			);
			mainGroup = 85323216181892930006692B;
			productRefGroup = 85323220181892930006692B /* Products */;
			projectDirPath = "";
			projectRoot = "";
			targets = (
				8532321E181892930006692B /* CoreDataPlugin */,
				8532323E181892930006692B /* CoreDataPluginTests */,
			);
		};
/* End PBXProject section */

/* Begin PBXResourcesBuildPhase section */
		8532321D181892930006692B /* Resources */ = {
			isa = PBXResourcesBuildPhase;
			buildActionMask = 2147483647;
			files = (
				8532322F181892930006692B /* InfoPlist.strings in Resources */,
				8532323A181892930006692B /* Images.xcassets in Resources */,
			);
			runOnlyForDeploymentPostprocessing = 0;
		};
		8532323D181892930006692B /* Resources */ = {
			isa = PBXResourcesBuildPhase;
			buildActionMask = 2147483647;
			files = (
				8532324C181892930006692B /* InfoPlist.strings in Resources */,
			);
			runOnlyForDeploymentPostprocessing = 0;
		};
/* End PBXResourcesBuildPhase section */

/* Begin PBXSourcesBuildPhase section */
		8532321B181892930006692B /* Sources */ = {
			isa = PBXSourcesBuildPhase;
			buildActionMask = 2147483647;
			files = (
				85323235181892930006692B /* TTAppDelegate.m in Sources */,
				85323238181892930006692B /* CoreDataPlugin.xcdatamodeld in Sources */,
				85323231181892930006692B /* main.m in Sources */,
			);
			runOnlyForDeploymentPostprocessing = 0;
		};
		8532323B181892930006692B /* Sources */ = {
			isa = PBXSourcesBuildPhase;
			buildActionMask = 2147483647;
			files = (
				8532324E181892930006692B /* CoreDataPluginTests.m in Sources */,
			);
			runOnlyForDeploymentPostprocessing = 0;
		};
/* End PBXSourcesBuildPhase section */

/* Begin PBXTargetDependency section */
		85323246181892930006692B /* PBXTargetDependency */ = {
			isa = PBXTargetDependency;
			target = 8532321E181892930006692B /* CoreDataPlugin */;
			targetProxy = 85323245181892930006692B /* PBXContainerItemProxy */;
		};
/* End PBXTargetDependency section */

/* Begin PBXVariantGroup section */
		8532322D181892930006692B /* InfoPlist.strings */ = {
			isa = PBXVariantGroup;
			children = (
				8532322E181892930006692B /* en */,
			);
			name = InfoPlist.strings;
			sourceTree = "<group>";
		};
		8532324A181892930006692B /* InfoPlist.strings */ = {
			isa = PBXVariantGroup;
			children = (
				8532324B181892930006692B /* en */,
			);
			name = InfoPlist.strings;
			sourceTree = "<group>";
		};
/* End PBXVariantGroup section */

/* Begin XCBuildConfiguration section */
		8532324F181892930006692B /* Debug */ = {
			isa = XCBuildConfiguration;
			buildSettings = {
				ALWAYS_SEARCH_USER_PATHS = NO;
				ARCHS = "$(ARCHS_STANDARD_INCLUDING_64_BIT)";
				CLANG_CXX_LANGUAGE_STANDARD = "gnu++0x";
				CLANG_CXX_LIBRARY = "libc++";
				CLANG_ENABLE_MODULES = YES;
				CLANG_ENABLE_OBJC_ARC = YES;
				CLANG_WARN_BOOL_CONVERSION = YES;
				CLANG_WARN_CONSTANT_CONVERSION = YES;
				CLANG_WARN_DIRECT_OBJC_ISA_USAGE = YES_ERROR;
				CLANG_WARN_EMPTY_BODY = YES;
				CLANG_WARN_ENUM_CONVERSION = YES;
				CLANG_WARN_INT_CONVERSION = YES;
				CLANG_WARN_OBJC_ROOT_CLASS = YES_ERROR;
				CLANG_WARN__DUPLICATE_METHOD_MATCH = YES;
				"CODE_SIGN_IDENTITY[sdk=iphoneos*]" = "iPhone Developer";
				COPY_PHASE_STRIP = NO;
				GCC_C_LANGUAGE_STANDARD = gnu99;
				GCC_DYNAMIC_NO_PIC = NO;
				GCC_OPTIMIZATION_LEVEL = 0;
				GCC_PREPROCESSOR_DEFINITIONS = (
					"DEBUG=1",
					"$(inherited)",
				);
				GCC_SYMBOLS_PRIVATE_EXTERN = NO;
				GCC_WARN_64_TO_32_BIT_CONVERSION = YES;
				GCC_WARN_ABOUT_RETURN_TYPE = YES_ERROR;
				GCC_WARN_UNDECLARED_SELECTOR = YES;
				GCC_WARN_UNINITIALIZED_AUTOS = YES;
				GCC_WARN_UNUSED_FUNCTION = YES;
				GCC_WARN_UNUSED_VARIABLE = YES;
				IPHONEOS_DEPLOYMENT_TARGET = 7.0;
				ONLY_ACTIVE_ARCH = YES;
				SDKROOT = iphoneos;
				TARGETED_DEVICE_FAMILY = "1,2";
			};
			name = Debug;
		};
		85323250181892930006692B /* Release */ = {
			isa = XCBuildConfiguration;
			buildSettings = {
				ALWAYS_SEARCH_USER_PATHS = NO;
				ARCHS = "$(ARCHS_STANDARD_INCLUDING_64_BIT)";
				CLANG_CXX_LANGUAGE_STANDARD = "gnu++0x";
				CLANG_CXX_LIBRARY = "libc++";
				CLANG_ENABLE_MODULES = YES;
				CLANG_ENABLE_OBJC_ARC = YES;
				CLANG_WARN_BOOL_CONVERSION = YES;
				CLANG_WARN_CONSTANT_CONVERSION = YES;
				CLANG_WARN_DIRECT_OBJC_ISA_USAGE = YES_ERROR;
				CLANG_WARN_EMPTY_BODY = YES;
				CLANG_WARN_ENUM_CONVERSION = YES;
				CLANG_WARN_INT_CONVERSION = YES;
				CLANG_WARN_OBJC_ROOT_CLASS = YES_ERROR;
				CLANG_WARN__DUPLICATE_METHOD_MATCH = YES;
				"CODE_SIGN_IDENTITY[sdk=iphoneos*]" = "iPhone Developer";
				COPY_PHASE_STRIP = YES;
				ENABLE_NS_ASSERTIONS = NO;
				GCC_C_LANGUAGE_STANDARD = gnu99;
				GCC_WARN_64_TO_32_BIT_CONVERSION = YES;
				GCC_WARN_ABOUT_RETURN_TYPE = YES_ERROR;
				GCC_WARN_UNDECLARED_SELECTOR = YES;
				GCC_WARN_UNINITIALIZED_AUTOS = YES;
				GCC_WARN_UNUSED_FUNCTION = YES;
				GCC_WARN_UNUSED_VARIABLE = YES;
				IPHONEOS_DEPLOYMENT_TARGET = 7.0;
				SDKROOT = iphoneos;
				TARGETED_DEVICE_FAMILY = "1,2";
				VALIDATE_PRODUCT = YES;
			};
			name = Release;
		};
		85323252181892930006692B /* Debug */ = {
			isa = XCBuildConfiguration;
			buildSettings = {
				ASSETCATALOG_COMPILER_APPICON_NAME = AppIcon;
				ASSETCATALOG_COMPILER_LAUNCHIMAGE_NAME = LaunchImage;
				GCC_PRECOMPILE_PREFIX_HEADER = YES;
				GCC_PREFIX_HEADER = "CoreDataPlugin/CoreDataPlugin-Prefix.pch";
				INFOPLIST_FILE = "CoreDataPlugin/CoreDataPlugin-Info.plist";
				PRODUCT_NAME = "$(TARGET_NAME)";
				WRAPPER_EXTENSION = app;
			};
			name = Debug;
		};
		85323253181892930006692B /* Release */ = {
			isa = XCBuildConfiguration;
			buildSettings = {
				ASSETCATALOG_COMPILER_APPICON_NAME = AppIcon;
				ASSETCATALOG_COMPILER_LAUNCHIMAGE_NAME = LaunchImage;
				GCC_PRECOMPILE_PREFIX_HEADER = YES;
				GCC_PREFIX_HEADER = "CoreDataPlugin/CoreDataPlugin-Prefix.pch";
				INFOPLIST_FILE = "CoreDataPlugin/CoreDataPlugin-Info.plist";
				PRODUCT_NAME = "$(TARGET_NAME)";
				WRAPPER_EXTENSION = app;
			};
			name = Release;
		};
		85323255181892930006692B /* Debug */ = {
			isa = XCBuildConfiguration;
			buildSettings = {
				ARCHS = "$(ARCHS_STANDARD_INCLUDING_64_BIT)";
				BUNDLE_LOADER = "$(BUILT_PRODUCTS_DIR)/CoreDataPlugin.app/CoreDataPlugin";
				FRAMEWORK_SEARCH_PATHS = (
					"$(SDKROOT)/Developer/Library/Frameworks",
					"$(inherited)",
					"$(DEVELOPER_FRAMEWORKS_DIR)",
				);
				GCC_PRECOMPILE_PREFIX_HEADER = YES;
				GCC_PREFIX_HEADER = "CoreDataPlugin/CoreDataPlugin-Prefix.pch";
				GCC_PREPROCESSOR_DEFINITIONS = (
					"DEBUG=1",
					"$(inherited)",
				);
				INFOPLIST_FILE = "CoreDataPluginTests/CoreDataPluginTests-Info.plist";
				PRODUCT_NAME = "$(TARGET_NAME)";
				TEST_HOST = "$(BUNDLE_LOADER)";
				WRAPPER_EXTENSION = xctest;
			};
			name = Debug;
		};
		85323256181892930006692B /* Release */ = {
			isa = XCBuildConfiguration;
			buildSettings = {
				ARCHS = "$(ARCHS_STANDARD_INCLUDING_64_BIT)";
				BUNDLE_LOADER = "$(BUILT_PRODUCTS_DIR)/CoreDataPlugin.app/CoreDataPlugin";
				FRAMEWORK_SEARCH_PATHS = (
					"$(SDKROOT)/Developer/Library/Frameworks",
					"$(inherited)",
					"$(DEVELOPER_FRAMEWORKS_DIR)",
				);
				GCC_PRECOMPILE_PREFIX_HEADER = YES;
				GCC_PREFIX_HEADER = "CoreDataPlugin/CoreDataPlugin-Prefix.pch";
				INFOPLIST_FILE = "CoreDataPluginTests/CoreDataPluginTests-Info.plist";
				PRODUCT_NAME = "$(TARGET_NAME)";
				TEST_HOST = "$(BUNDLE_LOADER)";
				WRAPPER_EXTENSION = xctest;
			};
			name = Release;
		};
/* End XCBuildConfiguration section */

/* Begin XCConfigurationList section */
		8532321A181892930006692B /* Build configuration list for PBXProject "CoreDataPlugin" */ = {
			isa = XCConfigurationList;
			buildConfigurations = (
				8532324F181892930006692B /* Debug */,
				85323250181892930006692B /* Release */,
			);
			defaultConfigurationIsVisible = 0;
			defaultConfigurationName = Release;
		};
		85323251181892930006692B /* Build configuration list for PBXNativeTarget "CoreDataPlugin" */ = {
			isa = XCConfigurationList;
			buildConfigurations = (
				85323252181892930006692B /* Debug */,
				85323253181892930006692B /* Release */,
			);
			defaultConfigurationIsVisible = 0;
		};
		85323254181892930006692B /* Build configuration list for PBXNativeTarget "CoreDataPluginTests" */ = {
			isa = XCConfigurationList;
			buildConfigurations = (
				85323255181892930006692B /* Debug */,
				85323256181892930006692B /* Release */,
			);
			defaultConfigurationIsVisible = 0;
		};
/* End XCConfigurationList section */

/* Begin XCVersionGroup section */
		85323236181892930006692B /* CoreDataPlugin.xcdatamodeld */ = {
			isa = XCVersionGroup;
			children = (
				85323237181892930006692B /* CoreDataPlugin.xcdatamodel */,
			);
			currentVersion = 85323237181892930006692B /* CoreDataPlugin.xcdatamodel */;
			path = CoreDataPlugin.xcdatamodeld;
			sourceTree = "<group>";
			versionGroupType = wrapper.xcdatamodel;
		};
/* End XCVersionGroup section */
	};
	rootObject = 85323217181892930006692B /* Project object */;
}
